
Microsoft Visual Studio Solution File, Format Version 12.00
# Visual Studio Version 17
VisualStudioVersion = 17.11.35222.181
MinimumVisualStudioVersion = 10.0.40219.1
Project("{FAE04EC0-301F-11D3-BF4B-00C04F79EFBC}") = "ClassLibrary1", "ClassLibrary1\ClassLibrary1.csproj", "{F7CD9BE1-A4BC-4788-BF21-8A0AAD79858B}"
EndProject
Project("{FAE04EC0-301F-11D3-BF4B-00C04F79EFBC}") = "TestProject1", "TestProject1\TestProject1.csproj", "{6B743CC4-935B-4601-9EE0-8A22405B1260}"
EndProject
Global
	GlobalSection(SolutionConfigurationPlatforms) = preSolution
		Debug|Any CPU = Debug|Any CPU
		Release|Any CPU = Release|Any CPU
	EndGlobalSection
	GlobalSection(ProjectConfigurationPlatforms) = postSolution
		{F7CD9BE1-A4BC-4788-BF21-8A0AAD79858B}.Debug|Any CPU.ActiveCfg = Debug|Any CPU
		{F7CD9BE1-A4BC-4788-BF21-8A0AAD79858B}.Debug|Any CPU.Build.0 = Debug|Any CPU
		{F7CD9BE1-A4BC-4788-BF21-8A0AAD79858B}.Release|Any CPU.ActiveCfg = Release|Any CPU
		{F7CD9BE1-A4BC-4788-BF21-8A0AAD79858B}.Release|Any CPU.Build.0 = Release|Any CPU
		{6B743CC4-935B-4601-9EE0-8A22405B1260}.Debug|Any CPU.ActiveCfg = Debug|Any CPU
		{6B743CC4-935B-4601-9EE0-8A22405B1260}.Debug|Any CPU.Build.0 = Debug|Any CPU
		{6B743CC4-935B-4601-9EE0-8A22405B1260}.Release|Any CPU.ActiveCfg = Release|Any CPU
		{6B743CC4-935B-4601-9EE0-8A22405B1260}.Release|Any CPU.Build.0 = Release|Any CPU
	EndGlobalSection
	GlobalSection(SolutionProperties) = preSolution
		HideSolutionNode = FALSE
	EndGlobalSection
	GlobalSection(ExtensibilityGlobals) = postSolution
		SolutionGuid = {1A8F9EE5-7460-4E4F-9DF7-4233C742E027}
	EndGlobalSection
EndGlobal
